
Microsoft Visual Studio Solution File, Format Version 12.00
# Visual Studio Version 17
VisualStudioVersion = 17.14.36511.14 d17.14
MinimumVisualStudioVersion = 10.0.40219.1
Project("{FAE04EC0-301F-11D3-BF4B-00C04F79EFBC}") = "GYMPT", "GYMPT\GYMPT.csproj", "{51D5E0AD-22C2-449B-9447-70B76B7C4943}"
EndProject
Global
	GlobalSection(SolutionConfigurationPlatforms) = preSolution
		Debug|Any CPU = Debug|Any CPU
		Release|Any CPU = Release|Any CPU
	EndGlobalSection
	GlobalSection(ProjectConfigurationPlatforms) = postSolution
		{51D5E0AD-22C2-449B-9447-70B76B7C4943}.Debug|Any CPU.ActiveCfg = Debug|Any CPU
		{51D5E0AD-22C2-449B-9447-70B76B7C4943}.Debug|Any CPU.Build.0 = Debug|Any CPU
		{51D5E0AD-22C2-449B-9447-70B76B7C4943}.Release|Any CPU.ActiveCfg = Release|Any CPU
		{51D5E0AD-22C2-449B-9447-70B76B7C4943}.Release|Any CPU.Build.0 = Release|Any CPU
	EndGlobalSection
	GlobalSection(SolutionProperties) = preSolution
		HideSolutionNode = FALSE
	EndGlobalSection
	GlobalSection(ExtensibilityGlobals) = postSolution
		SolutionGuid = {188D58C4-133E-4F00-8F43-078D101DDAAB}
	EndGlobalSection
EndGlobal
