
Microsoft Visual Studio Solution File, Format Version 12.00
# Visual Studio Version 17
VisualStudioVersion = 17.14.36511.14
MinimumVisualStudioVersion = 10.0.40219.1
Project("{FAE04EC0-301F-11D3-BF4B-00C04F79EFBC}") = "GYMPT", "GYMPT\GYMPT.csproj", "{51D5E0AD-22C2-449B-9447-70B76B7C4943}"
	ProjectSection(ProjectDependencies) = postProject
		{94162CDC-F1C4-4752-88DC-D97B4EE67E68} = {94162CDC-F1C4-4752-88DC-D97B4EE67E68}
	EndProjectSection
EndProject
Project("{FAE04EC0-301F-11D3-BF4B-00C04F79EFBC}") = "ServiceClient", "ServiceClient\ServiceClient.csproj", "{94162CDC-F1C4-4752-88DC-D97B4EE67E68}"
EndProject
Project("{FAE04EC0-301F-11D3-BF4B-00C04F79EFBC}") = "ServiceCommon", "ServiceCommon\ServiceCommon.csproj", "{33C2520C-835A-432A-B87C-B48161CCAE8F}"
Project("{FAE04EC0-301F-11D3-BF4B-00C04F79EFBC}") = "ServicePerson", "SERVICE-PERSON\ServicePerson.csproj", "{21FB596E-30B8-4770-B0C0-BE6E151BCFE5}"
EndProject
Project("{FAE04EC0-301F-11D3-BF4B-00C04F79EFBC}") = "ServiceUser", "ServiceUser\ServiceUser.csproj", "{C81FD4CB-08F5-4D4A-B2F8-221D4A153A0E}"
EndProject
Global
	GlobalSection(SolutionConfigurationPlatforms) = preSolution
		Debug|Any CPU = Debug|Any CPU
		Release|Any CPU = Release|Any CPU
	EndGlobalSection
	GlobalSection(ProjectConfigurationPlatforms) = postSolution
		{51D5E0AD-22C2-449B-9447-70B76B7C4943}.Debug|Any CPU.ActiveCfg = Debug|Any CPU
		{51D5E0AD-22C2-449B-9447-70B76B7C4943}.Debug|Any CPU.Build.0 = Debug|Any CPU
		{51D5E0AD-22C2-449B-9447-70B76B7C4943}.Release|Any CPU.ActiveCfg = Release|Any CPU
		{51D5E0AD-22C2-449B-9447-70B76B7C4943}.Release|Any CPU.Build.0 = Release|Any CPU
		{33C2520C-835A-432A-B87C-B48161CCAE8F}.Debug|Any CPU.ActiveCfg = Debug|Any CPU
		{33C2520C-835A-432A-B87C-B48161CCAE8F}.Debug|Any CPU.Build.0 = Debug|Any CPU
		{33C2520C-835A-432A-B87C-B48161CCAE8F}.Release|Any CPU.ActiveCfg = Release|Any CPU
		{33C2520C-835A-432A-B87C-B48161CCAE8F}.Release|Any CPU.Build.0 = Release|Any CPU
		{21FB596E-30B8-4770-B0C0-BE6E151BCFE5}.Debug|Any CPU.ActiveCfg = Debug|Any CPU
		{21FB596E-30B8-4770-B0C0-BE6E151BCFE5}.Debug|Any CPU.Build.0 = Debug|Any CPU
		{21FB596E-30B8-4770-B0C0-BE6E151BCFE5}.Release|Any CPU.ActiveCfg = Release|Any CPU
		{21FB596E-30B8-4770-B0C0-BE6E151BCFE5}.Release|Any CPU.Build.0 = Release|Any CPU
		{94162CDC-F1C4-4752-88DC-D97B4EE67E68}.Debug|Any CPU.ActiveCfg = Debug|Any CPU
		{94162CDC-F1C4-4752-88DC-D97B4EE67E68}.Debug|Any CPU.Build.0 = Debug|Any CPU
		{94162CDC-F1C4-4752-88DC-D97B4EE67E68}.Release|Any CPU.ActiveCfg = Release|Any CPU
		{94162CDC-F1C4-4752-88DC-D97B4EE67E68}.Release|Any CPU.Build.0 = Release|Any CPU
		{C81FD4CB-08F5-4D4A-B2F8-221D4A153A0E}.Debug|Any CPU.ActiveCfg = Debug|Any CPU
		{C81FD4CB-08F5-4D4A-B2F8-221D4A153A0E}.Debug|Any CPU.Build.0 = Debug|Any CPU
		{C81FD4CB-08F5-4D4A-B2F8-221D4A153A0E}.Release|Any CPU.ActiveCfg = Release|Any CPU
		{C81FD4CB-08F5-4D4A-B2F8-221D4A153A0E}.Release|Any CPU.Build.0 = Release|Any CPU
	EndGlobalSection
	GlobalSection(SolutionProperties) = preSolution
		HideSolutionNode = FALSE
	EndGlobalSection
	GlobalSection(ExtensibilityGlobals) = postSolution
		SolutionGuid = {188D58C4-133E-4F00-8F43-078D101DDAAB}
	EndGlobalSection
EndGlobal
